<?xml version="1.0" encoding="utf-8"?>
<Project ToolsVersion="4.0" xmlns="http://schemas.microsoft.com/developer/msbuild/2003">
  <ItemGroup>
    <Filter Include="Source Files">
      <UniqueIdentifier>{4FC737F1-C7A5-4376-A066-2A32D752A2FF}</UniqueIdentifier>
      <Extensions>cpp;cxx;c;def</Extensions>
    </Filter>
    <Filter Include="Header Files">
      <UniqueIdentifier>{93995380-89BD-4b04-88EB-625FBE52EBFB}</UniqueIdentifier>
      <Extensions>h</Extensions>
    </Filter>
    <Filter Include="Form Files">
      <UniqueIdentifier>{99349809-55BA-4b9d-BF79-8FDBB0286EB3}</UniqueIdentifier>
      <Extensions>ui</Extensions>
    </Filter>
    <Filter Include="Resource Files">
      <UniqueIdentifier>{D9D6E242-F8AF-46E4-B9FD-80ECBC20BA3E}</UniqueIdentifier>
      <Extensions>qrc;*</Extensions>
      <ParseFiles>false</ParseFiles>
    </Filter>
    <Filter Include="Generated Files">
      <UniqueIdentifier>{71ED8ED8-ACB9-4CE9-BBE1-E00B30144E11}</UniqueIdentifier>
      <Extensions>moc;h;cpp</Extensions>
      <SourceControlFiles>False</SourceControlFiles>
    </Filter>
    <Filter Include="Generated Files\Debug">
      <UniqueIdentifier>{60382197-aa1b-4519-8ba9-696310a9c5aa}</UniqueIdentifier>
      <Extensions>cpp;moc</Extensions>
      <SourceControlFiles>False</SourceControlFiles>
    </Filter>
    <Filter Include="Generated Files\Release">
      <UniqueIdentifier>{e1561547-e704-4081-b7d8-77b6d98f2b50}</UniqueIdentifier>
      <Extensions>cpp;moc</Extensions>
      <SourceControlFiles>False</SourceControlFiles>
    </Filter>
  </ItemGroup>
  <ItemGroup>
    <ClCompile Include="main.cpp">
      <Filter>Source Files</Filter>
    </ClCompile>
    <ClCompile Include="GeneratedFiles\qrc_frHand.cpp">
      <Filter>Generated Files</Filter>
    </ClCompile>
    <ClCompile Include="GeneratedFiles\Debug\moc_FLSAlgorithm_Test.cpp">
      <Filter>Generated Files\Debug</Filter>
    </ClCompile>
    <ClCompile Include="GeneratedFiles\Release\moc_FLSAlgorithm_Test.cpp">
      <Filter>Generated Files\Release</Filter>
    </ClCompile>
    <ClCompile Include="GeneratedFiles\Debug\moc_FLSMainHandler.cpp">
      <Filter>Generated Files\Debug</Filter>
    </ClCompile>
    <ClCompile Include="GeneratedFiles\Release\moc_FLSMainHandler.cpp">
      <Filter>Generated Files\Release</Filter>
    </ClCompile>
    <ClCompile Include="GeneratedFiles\Debug\moc_frameHandlerResWgt.cpp">
      <Filter>Generated Files\Debug</Filter>
    </ClCompile>
    <ClCompile Include="GeneratedFiles\Release\moc_frameHandlerResWgt.cpp">
      <Filter>Generated Files\Release</Filter>
    </ClCompile>
    <ClCompile Include="GeneratedFiles\Debug\moc_FramesHandlerDialog.cpp">
      <Filter>Generated Files\Debug</Filter>
    </ClCompile>
    <ClCompile Include="GeneratedFiles\Release\moc_FramesHandlerDialog.cpp">
      <Filter>Generated Files\Release</Filter>
    </ClCompile>
    <ClCompile Include="GeneratedFiles\Debug\moc_framesHandlerKernel.cpp">
      <Filter>Generated Files\Debug</Filter>
    </ClCompile>
    <ClCompile Include="GeneratedFiles\Release\moc_framesHandlerKernel.cpp">
      <Filter>Generated Files\Release</Filter>
    </ClCompile>
    <ClCompile Include="GeneratedFiles\Debug\moc_framesHandlerKernel_IFace.cpp">
      <Filter>Generated Files\Debug</Filter>
    </ClCompile>
    <ClCompile Include="GeneratedFiles\Release\moc_framesHandlerKernel_IFace.cpp">
      <Filter>Generated Files\Release</Filter>
    </ClCompile>
    <ClCompile Include="GeneratedFiles\Debug\moc_frameshandlerMW.cpp">
      <Filter>Generated Files\Debug</Filter>
    </ClCompile>
    <ClCompile Include="GeneratedFiles\Release\moc_frameshandlerMW.cpp">
      <Filter>Generated Files\Release</Filter>
    </ClCompile>
    <ClCompile Include="GeneratedFiles\Debug\moc_pixmapLabel.cpp">
      <Filter>Generated Files\Debug</Filter>
    </ClCompile>
    <ClCompile Include="GeneratedFiles\Release\moc_pixmapLabel.cpp">
      <Filter>Generated Files\Release</Filter>
    </ClCompile>
    <ClCompile Include="FLSAlgorithm.cpp">
      <Filter>Source Files</Filter>
    </ClCompile>
    <ClCompile Include="FLSAlgorithm_Test.cpp">
      <Filter>Source Files</Filter>
    </ClCompile>
    <ClCompile Include="FLSAlgorithmsCreator.cpp">
      <Filter>Source Files</Filter>
    </ClCompile>
    <ClCompile Include="FLSMainHandler.cpp">
      <Filter>Source Files</Filter>
    </ClCompile>
    <ClCompile Include="frameHandlerResWgt.cpp">
      <Filter>Source Files</Filter>
    </ClCompile>
    <ClCompile Include="FramesHandlerDialog.cpp">
      <Filter>Source Files</Filter>
    </ClCompile>
    <ClCompile Include="framesHandlerKernel.cpp">
      <Filter>Source Files</Filter>
    </ClCompile>
    <ClCompile Include="frameshandlerMW.cpp">
      <Filter>Source Files</Filter>
    </ClCompile>
    <ClCompile Include="pixmapLabel.cpp">
      <Filter>Source Files</Filter>
    </ClCompile>
    <ClCompile Include="ShootPoint.cpp">
      <Filter>Source Files</Filter>
    </ClCompile>
  </ItemGroup>
  <ItemGroup>
    <CustomBuild Include="frHand.qrc">
      <Filter>Resource Files</Filter>
    </CustomBuild>
    <CustomBuild Include="FLSAlgorithm_Test.h">
      <Filter>Header Files</Filter>
    </CustomBuild>
    <CustomBuild Include="FLSMainHandler.h">
      <Filter>Header Files</Filter>
    </CustomBuild>
    <CustomBuild Include="frameHandlerResWgt.h">
      <Filter>Header Files</Filter>
    </CustomBuild>
    <CustomBuild Include="FramesHandlerDialog.h">
      <Filter>Header Files</Filter>
    </CustomBuild>
    <CustomBuild Include="framesHandlerKernel.h">
      <Filter>Header Files</Filter>
    </CustomBuild>
    <CustomBuild Include="framesHandlerKernel_IFace.h">
      <Filter>Header Files</Filter>
    </CustomBuild>
    <CustomBuild Include="frameshandlerMW.h">
      <Filter>Header Files</Filter>
    </CustomBuild>
    <CustomBuild Include="pixmapLabel.h">
      <Filter>Header Files</Filter>
    </CustomBuild>
  </ItemGroup>
  <ItemGroup>
    <None Include="frameHandlerIcons\add_sensor.png">
      <Filter>Resource Files</Filter>
    </None>
    <None Include="frameHandlerIcons\color_adjustment.png">
      <Filter>Resource Files</Filter>
    </None>
    <None Include="frameHandlerIcons\control_pause.png">
      <Filter>Resource Files</Filter>
    </None>
    <None Include="frameHandlerIcons\control_play.png">
      <Filter>Resource Files</Filter>
    </None>
    <None Include="frameHandlerIcons\control_stop.png">
      <Filter>Resource Files</Filter>
    </None>
    <None Include="frameHandlerIcons\cornerPoints.png">
      <Filter>Resource Files</Filter>
    </None>
    <None Include="frameHandlerIcons\cornerPoints_current.png">
      <Filter>Resource Files</Filter>
    </None>
    <None Include="frameHandlerIcons\cornerPoints_notSet.png">
      <Filter>Resource Files</Filter>
    </None>
    <None Include="frameHandlerIcons\cornerPoints_save.png">
      <Filter>Resource Files</Filter>
    </None>
    <None Include="frameHandlerIcons\cornerPoints_set.png">
      <Filter>Resource Files</Filter>
    </None>
    <None Include="frameHandlerIcons\eraseRoi.png">
      <Filter>Resource Files</Filter>
    </None>
    <None Include="frameHandlerIcons\film_add.png">
      <Filter>Resource Files</Filter>
    </None>
    <None Include="frameHandlerIcons\film_delete.png">
      <Filter>Resource Files</Filter>
    </None>
    <None Include="frameHandlerIcons\magnifier_zoom_in.png">
      <Filter>Resource Files</Filter>
    </None>
    <None Include="frameHandlerIcons\magnifier_zoom_out.png">
      <Filter>Resource Files</Filter>
    </None>
    <None Include="frameHandlerIcons\next_frame.png">
      <Filter>Resource Files</Filter>
    </None>
    <None Include="frameHandlerIcons\previous_frame.png">
      <Filter>Resource Files</Filter>
    </None>
    <None Include="frameHandlerIcons\roi_delete.png">
      <Filter>Resource Files</Filter>
    </None>
  </ItemGroup>
  <ItemGroup>
    <ClInclude Include="FLSAlgorithm.h">
      <Filter>Header Files</Filter>
    </ClInclude>
    <ClInclude Include="FLSAlgorithmsCreator.h">
      <Filter>Header Files</Filter>
    </ClInclude>
    <ClInclude Include="ProcessTimeCouter.h">
      <Filter>Header Files</Filter>
    </ClInclude>
    <ClInclude Include="ShootPoint.h">
      <Filter>Header Files</Filter>
    </ClInclude>
  </ItemGroup>
</Project>